PODS:
  - JyAdFramework (5.0.0)
  - SDWebImage (5.9.5):
    - SDWebImage/Core (= 5.9.5)
  - SDWebImage/Core (5.9.5)

DEPENDENCIES:
  - JyAdFramework (= 5.0.0)
  - SDWebImage (~> 5.9.3)

SPEC REPOS:
  trunk:
    - JyAdFramework
    - SDWebImage

SPEC CHECKSUMS:
  JyAdFramework: fe24b9547dd6630f0225379bd34b3448b6eef151
  SDWebImage: 0b2ba0d56479bf6a45ecddbfd5558bea93150d25

PODFILE CHECKSUM: 5219e9ab5de49aab7162a721f7577277437b525e

COCOAPODS: 1.10.1
