// !$*UTF8*$!
{
	archiveVersion = 1;
	classes = {
	};
	objectVersion = 51;
	objects = {

/* Begin PBXBuildFile section */
		D04426F5AFE35B79095EB3A5 /* Pods_Example.framework in Frameworks */ = {isa = PBXBuildFile; fileRef = D3E28F507D05DACEDA9EE9BA /* Pods_Example.framework */; };
		D4CF14EE25E6329B00C12F70 /* LibCAIDSDK.a in Frameworks */ = {isa = PBXBuildFile; fileRef = D4CF14DC25E6329B00C12F70 /* LibCAIDSDK.a */; };
		D4CF14EF25E6329B00C12F70 /* Assets.xcassets in Resources */ = {isa = PBXBuildFile; fileRef = D4CF14E225E6329B00C12F70 /* Assets.xcassets */; };
		D4CF14F025E6329B00C12F70 /* LaunchScreen.storyboard in Resources */ = {isa = PBXBuildFile; fileRef = D4CF14E425E6329B00C12F70 /* LaunchScreen.storyboard */; };
		D4CF14F125E6329B00C12F70 /* Main.storyboard in Resources */ = {isa = PBXBuildFile; fileRef = D4CF14E625E6329B00C12F70 /* Main.storyboard */; };
		D4CF14F225E6329B00C12F70 /* main.m in Sources */ = {isa = PBXBuildFile; fileRef = D4CF14E825E6329B00C12F70 /* main.m */; };
		D4CF14F325E6329B00C12F70 /* JyAdViewController.m in Sources */ = {isa = PBXBuildFile; fileRef = D4CF14E925E6329B00C12F70 /* JyAdViewController.m */; };
		D4CF14F425E6329B00C12F70 /* AppDelegate.m in Sources */ = {isa = PBXBuildFile; fileRef = D4CF14EA25E6329B00C12F70 /* AppDelegate.m */; };
		D4CF14F525E6329B00C12F70 /* TableViewController.m in Sources */ = {isa = PBXBuildFile; fileRef = D4CF14EB25E6329B00C12F70 /* TableViewController.m */; };
		D4CF14F625E6329B00C12F70 /* TestNativeAdView.m in Sources */ = {isa = PBXBuildFile; fileRef = D4CF14EC25E6329B00C12F70 /* TestNativeAdView.m */; };
		D4CF14F725E6329B00C12F70 /* TestNativeAdView.xib in Resources */ = {isa = PBXBuildFile; fileRef = D4CF14ED25E6329B00C12F70 /* TestNativeAdView.xib */; };
/* End PBXBuildFile section */

/* Begin PBXFileReference section */
		0FB721C42B19362556F82B81 /* Pods-Example.release.xcconfig */ = {isa = PBXFileReference; includeInIndex = 1; lastKnownFileType = text.xcconfig; name = "Pods-Example.release.xcconfig"; path = "Target Support Files/Pods-Example/Pods-Example.release.xcconfig"; sourceTree = "<group>"; };
		AD45AA0C01BE748679AE65B0 /* Pods-Example.debug.xcconfig */ = {isa = PBXFileReference; includeInIndex = 1; lastKnownFileType = text.xcconfig; name = "Pods-Example.debug.xcconfig"; path = "Target Support Files/Pods-Example/Pods-Example.debug.xcconfig"; sourceTree = "<group>"; };
		D3E28F507D05DACEDA9EE9BA /* Pods_Example.framework */ = {isa = PBXFileReference; explicitFileType = wrapper.framework; includeInIndex = 0; path = Pods_Example.framework; sourceTree = BUILT_PRODUCTS_DIR; };
		D4CF14DB25E6329B00C12F70 /* CAIDError.h */ = {isa = PBXFileReference; fileEncoding = 4; lastKnownFileType = sourcecode.c.h; path = CAIDError.h; sourceTree = "<group>"; };
		D4CF14DC25E6329B00C12F70 /* LibCAIDSDK.a */ = {isa = PBXFileReference; lastKnownFileType = archive.ar; path = LibCAIDSDK.a; sourceTree = "<group>"; };
		D4CF14DD25E6329B00C12F70 /* CAIDStruct.h */ = {isa = PBXFileReference; fileEncoding = 4; lastKnownFileType = sourcecode.c.h; path = CAIDStruct.h; sourceTree = "<group>"; };
		D4CF14DE25E6329B00C12F70 /* CAID.h */ = {isa = PBXFileReference; fileEncoding = 4; lastKnownFileType = sourcecode.c.h; path = CAID.h; sourceTree = "<group>"; };
		D4CF14DF25E6329B00C12F70 /* AppDelegate.h */ = {isa = PBXFileReference; fileEncoding = 4; lastKnownFileType = sourcecode.c.h; path = AppDelegate.h; sourceTree = "<group>"; };
		D4CF14E025E6329B00C12F70 /* JyAdViewController.h */ = {isa = PBXFileReference; fileEncoding = 4; lastKnownFileType = sourcecode.c.h; path = JyAdViewController.h; sourceTree = "<group>"; };
		D4CF14E125E6329B00C12F70 /* TableViewController.h */ = {isa = PBXFileReference; fileEncoding = 4; lastKnownFileType = sourcecode.c.h; path = TableViewController.h; sourceTree = "<group>"; };
		D4CF14E225E6329B00C12F70 /* Assets.xcassets */ = {isa = PBXFileReference; lastKnownFileType = folder.assetcatalog; path = Assets.xcassets; sourceTree = "<group>"; };
		D4CF14E325E6329B00C12F70 /* TestNativeAdView.h */ = {isa = PBXFileReference; fileEncoding = 4; lastKnownFileType = sourcecode.c.h; path = TestNativeAdView.h; sourceTree = "<group>"; };
		D4CF14E525E6329B00C12F70 /* Base */ = {isa = PBXFileReference; lastKnownFileType = file.storyboard; name = Base; path = Base.lproj/LaunchScreen.storyboard; sourceTree = "<group>"; };
		D4CF14E725E6329B00C12F70 /* Base */ = {isa = PBXFileReference; lastKnownFileType = file.storyboard; name = Base; path = Base.lproj/Main.storyboard; sourceTree = "<group>"; };
		D4CF14E825E6329B00C12F70 /* main.m */ = {isa = PBXFileReference; fileEncoding = 4; lastKnownFileType = sourcecode.c.objc; path = main.m; sourceTree = "<group>"; };
		D4CF14E925E6329B00C12F70 /* JyAdViewController.m */ = {isa = PBXFileReference; fileEncoding = 4; lastKnownFileType = sourcecode.c.objc; path = JyAdViewController.m; sourceTree = "<group>"; };
		D4CF14EA25E6329B00C12F70 /* AppDelegate.m */ = {isa = PBXFileReference; fileEncoding = 4; lastKnownFileType = sourcecode.c.objc; path = AppDelegate.m; sourceTree = "<group>"; };
		D4CF14EB25E6329B00C12F70 /* TableViewController.m */ = {isa = PBXFileReference; fileEncoding = 4; lastKnownFileType = sourcecode.c.objc; path = TableViewController.m; sourceTree = "<group>"; };
		D4CF14EC25E6329B00C12F70 /* TestNativeAdView.m */ = {isa = PBXFileReference; fileEncoding = 4; lastKnownFileType = sourcecode.c.objc; path = TestNativeAdView.m; sourceTree = "<group>"; };
		D4CF14ED25E6329B00C12F70 /* TestNativeAdView.xib */ = {isa = PBXFileReference; fileEncoding = 4; lastKnownFileType = file.xib; path = TestNativeAdView.xib; sourceTree = "<group>"; };
		D4EB8666253C816A00F5EF34 /* Example.app */ = {isa = PBXFileReference; explicitFileType = wrapper.application; includeInIndex = 0; path = Example.app; sourceTree = BUILT_PRODUCTS_DIR; };
		D4EB86A0253C830E00F5EF34 /* Info.plist */ = {isa = PBXFileReference; fileEncoding = 4; lastKnownFileType = text.plist.xml; path = Info.plist; sourceTree = "<group>"; };
/* End PBXFileReference section */

/* Begin PBXFrameworksBuildPhase section */
		D4EB8663253C816A00F5EF34 /* Frameworks */ = {
			isa = PBXFrameworksBuildPhase;
			buildActionMask = 2147483647;
			files = (
				D04426F5AFE35B79095EB3A5 /* Pods_Example.framework in Frameworks */,
				D4CF14EE25E6329B00C12F70 /* LibCAIDSDK.a in Frameworks */,
			);
			runOnlyForDeploymentPostprocessing = 0;
		};
/* End PBXFrameworksBuildPhase section */

/* Begin PBXGroup section */
		4E8579C18ACF0B7EC50EA70C /* Frameworks */ = {
			isa = PBXGroup;
			children = (
				D3E28F507D05DACEDA9EE9BA /* Pods_Example.framework */,
			);
			name = Frameworks;
			sourceTree = "<group>";
		};
		D4CF14D925E6329B00C12F70 /* Source */ = {
			isa = PBXGroup;
			children = (
				D4CF14DA25E6329B00C12F70 /* CAID */,
				D4CF14DF25E6329B00C12F70 /* AppDelegate.h */,
				D4CF14EA25E6329B00C12F70 /* AppDelegate.m */,
				D4CF14E225E6329B00C12F70 /* Assets.xcassets */,
				D4CF14E425E6329B00C12F70 /* LaunchScreen.storyboard */,
				D4CF14E625E6329B00C12F70 /* Main.storyboard */,
				D4CF14E025E6329B00C12F70 /* JyAdViewController.h */,
				D4CF14E925E6329B00C12F70 /* JyAdViewController.m */,
				D4CF14E125E6329B00C12F70 /* TableViewController.h */,
				D4CF14EB25E6329B00C12F70 /* TableViewController.m */,
				D4CF14E325E6329B00C12F70 /* TestNativeAdView.h */,
				D4CF14EC25E6329B00C12F70 /* TestNativeAdView.m */,
				D4CF14ED25E6329B00C12F70 /* TestNativeAdView.xib */,
			);
			path = Source;
			sourceTree = "<group>";
		};
		D4CF14DA25E6329B00C12F70 /* CAID */ = {
			isa = PBXGroup;
			children = (
				D4CF14E825E6329B00C12F70 /* main.m */,
				D4CF14DB25E6329B00C12F70 /* CAIDError.h */,
				D4CF14DC25E6329B00C12F70 /* LibCAIDSDK.a */,
				D4CF14DD25E6329B00C12F70 /* CAIDStruct.h */,
				D4CF14DE25E6329B00C12F70 /* CAID.h */,
			);
			path = CAID;
			sourceTree = "<group>";
		};
		D4EB865D253C816A00F5EF34 = {
			isa = PBXGroup;
			children = (
				D4EB8668253C816A00F5EF34 /* Example */,
				D4EB8667253C816A00F5EF34 /* Products */,
				E51BC298C8EFF24EB2617B19 /* Pods */,
				4E8579C18ACF0B7EC50EA70C /* Frameworks */,
			);
			sourceTree = "<group>";
		};
		D4EB8667253C816A00F5EF34 /* Products */ = {
			isa = PBXGroup;
			children = (
				D4EB8666253C816A00F5EF34 /* Example.app */,
			);
			name = Products;
			sourceTree = "<group>";
		};
		D4EB8668253C816A00F5EF34 /* Example */ = {
			isa = PBXGroup;
			children = (
				D4CF14D925E6329B00C12F70 /* Source */,
				D4EB86A0253C830E00F5EF34 /* Info.plist */,
			);
			path = Example;
			sourceTree = "<group>";
		};
		E51BC298C8EFF24EB2617B19 /* Pods */ = {
			isa = PBXGroup;
			children = (
				AD45AA0C01BE748679AE65B0 /* Pods-Example.debug.xcconfig */,
				0FB721C42B19362556F82B81 /* Pods-Example.release.xcconfig */,
			);
			path = Pods;
			sourceTree = "<group>";
		};
/* End PBXGroup section */

/* Begin PBXNativeTarget section */
		D4EB8665253C816A00F5EF34 /* Example */ = {
			isa = PBXNativeTarget;
			buildConfigurationList = D4EB867F253C816B00F5EF34 /* Build configuration list for PBXNativeTarget "Example" */;
			buildPhases = (
				0BC04017D8ED4C4E77EFB0F9 /* [CP] Check Pods Manifest.lock */,
				D4EB8662253C816A00F5EF34 /* Sources */,
				D4EB8663253C816A00F5EF34 /* Frameworks */,
				D4EB8664253C816A00F5EF34 /* Resources */,
				DBCB53E7177660D5F9C0CC55 /* [CP] Embed Pods Frameworks */,
			);
			buildRules = (
			);
			dependencies = (
			);
			name = Example;
			productName = Example;
			productReference = D4EB8666253C816A00F5EF34 /* Example.app */;
			productType = "com.apple.product-type.application";
		};
/* End PBXNativeTarget section */

/* Begin PBXProject section */
		D4EB865E253C816A00F5EF34 /* Project object */ = {
			isa = PBXProject;
			attributes = {
				LastUpgradeCheck = 1200;
				TargetAttributes = {
					D4EB8665253C816A00F5EF34 = {
						CreatedOnToolsVersion = 12.0.1;
					};
				};
			};
			buildConfigurationList = D4EB8661253C816A00F5EF34 /* Build configuration list for PBXProject "Example" */;
			compatibilityVersion = "Xcode 9.3";
			developmentRegion = en;
			hasScannedForEncodings = 0;
			knownRegions = (
				en,
				Base,
			);
			mainGroup = D4EB865D253C816A00F5EF34;
			productRefGroup = D4EB8667253C816A00F5EF34 /* Products */;
			projectDirPath = "";
			projectRoot = "";
			targets = (
				D4EB8665253C816A00F5EF34 /* Example */,
			);
		};
/* End PBXProject section */

/* Begin PBXResourcesBuildPhase section */
		D4EB8664253C816A00F5EF34 /* Resources */ = {
			isa = PBXResourcesBuildPhase;
			buildActionMask = 2147483647;
			files = (
				D4CF14F725E6329B00C12F70 /* TestNativeAdView.xib in Resources */,
				D4CF14F125E6329B00C12F70 /* Main.storyboard in Resources */,
				D4CF14EF25E6329B00C12F70 /* Assets.xcassets in Resources */,
				D4CF14F025E6329B00C12F70 /* LaunchScreen.storyboard in Resources */,
			);
			runOnlyForDeploymentPostprocessing = 0;
		};
/* End PBXResourcesBuildPhase section */

/* Begin PBXShellScriptBuildPhase section */
		0BC04017D8ED4C4E77EFB0F9 /* [CP] Check Pods Manifest.lock */ = {
			isa = PBXShellScriptBuildPhase;
			buildActionMask = 2147483647;
			files = (
			);
			inputFileListPaths = (
			);
			inputPaths = (
				"${PODS_PODFILE_DIR_PATH}/Podfile.lock",
				"${PODS_ROOT}/Manifest.lock",
			);
			name = "[CP] Check Pods Manifest.lock";
			outputFileListPaths = (
			);
			outputPaths = (
				"$(DERIVED_FILE_DIR)/Pods-Example-checkManifestLockResult.txt",
			);
			runOnlyForDeploymentPostprocessing = 0;
			shellPath = /bin/sh;
			shellScript = "diff \"${PODS_PODFILE_DIR_PATH}/Podfile.lock\" \"${PODS_ROOT}/Manifest.lock\" > /dev/null\nif [ $? != 0 ] ; then\n    # print error to STDERR\n    echo \"error: The sandbox is not in sync with the Podfile.lock. Run 'pod install' or update your CocoaPods installation.\" >&2\n    exit 1\nfi\n# This output is used by Xcode 'outputs' to avoid re-running this script phase.\necho \"SUCCESS\" > \"${SCRIPT_OUTPUT_FILE_0}\"\n";
			showEnvVarsInLog = 0;
		};
		DBCB53E7177660D5F9C0CC55 /* [CP] Embed Pods Frameworks */ = {
			isa = PBXShellScriptBuildPhase;
			buildActionMask = 2147483647;
			files = (
			);
			inputFileListPaths = (
				"${PODS_ROOT}/Target Support Files/Pods-Example/Pods-Example-frameworks-${CONFIGURATION}-input-files.xcfilelist",
			);
			name = "[CP] Embed Pods Frameworks";
			outputFileListPaths = (
				"${PODS_ROOT}/Target Support Files/Pods-Example/Pods-Example-frameworks-${CONFIGURATION}-output-files.xcfilelist",
			);
			runOnlyForDeploymentPostprocessing = 0;
			shellPath = /bin/sh;
			shellScript = "\"${PODS_ROOT}/Target Support Files/Pods-Example/Pods-Example-frameworks.sh\"\n";
			showEnvVarsInLog = 0;
		};
/* End PBXShellScriptBuildPhase section */

/* Begin PBXSourcesBuildPhase section */
		D4EB8662253C816A00F5EF34 /* Sources */ = {
			isa = PBXSourcesBuildPhase;
			buildActionMask = 2147483647;
			files = (
				D4CF14F325E6329B00C12F70 /* JyAdViewController.m in Sources */,
				D4CF14F625E6329B00C12F70 /* TestNativeAdView.m in Sources */,
				D4CF14F225E6329B00C12F70 /* main.m in Sources */,
				D4CF14F425E6329B00C12F70 /* AppDelegate.m in Sources */,
				D4CF14F525E6329B00C12F70 /* TableViewController.m in Sources */,
			);
			runOnlyForDeploymentPostprocessing = 0;
		};
/* End PBXSourcesBuildPhase section */

/* Begin PBXVariantGroup section */
		D4CF14E425E6329B00C12F70 /* LaunchScreen.storyboard */ = {
			isa = PBXVariantGroup;
			children = (
				D4CF14E525E6329B00C12F70 /* Base */,
			);
			name = LaunchScreen.storyboard;
			sourceTree = "<group>";
		};
		D4CF14E625E6329B00C12F70 /* Main.storyboard */ = {
			isa = PBXVariantGroup;
			children = (
				D4CF14E725E6329B00C12F70 /* Base */,
			);
			name = Main.storyboard;
			sourceTree = "<group>";
		};
/* End PBXVariantGroup section */

/* Begin XCBuildConfiguration section */
		D4EB867D253C816B00F5EF34 /* Debug */ = {
			isa = XCBuildConfiguration;
			buildSettings = {
				ALWAYS_SEARCH_USER_PATHS = NO;
				CLANG_ANALYZER_NONNULL = YES;
				CLANG_ANALYZER_NUMBER_OBJECT_CONVERSION = YES_AGGRESSIVE;
				CLANG_CXX_LANGUAGE_STANDARD = "gnu++14";
				CLANG_CXX_LIBRARY = "libc++";
				CLANG_ENABLE_MODULES = YES;
				CLANG_ENABLE_OBJC_ARC = YES;
				CLANG_ENABLE_OBJC_WEAK = YES;
				CLANG_WARN_BLOCK_CAPTURE_AUTORELEASING = YES;
				CLANG_WARN_BOOL_CONVERSION = YES;
				CLANG_WARN_COMMA = YES;
				CLANG_WARN_CONSTANT_CONVERSION = YES;
				CLANG_WARN_DEPRECATED_OBJC_IMPLEMENTATIONS = YES;
				CLANG_WARN_DIRECT_OBJC_ISA_USAGE = YES_ERROR;
				CLANG_WARN_DOCUMENTATION_COMMENTS = YES;
				CLANG_WARN_EMPTY_BODY = YES;
				CLANG_WARN_ENUM_CONVERSION = YES;
				CLANG_WARN_INFINITE_RECURSION = YES;
				CLANG_WARN_INT_CONVERSION = YES;
				CLANG_WARN_NON_LITERAL_NULL_CONVERSION = YES;
				CLANG_WARN_OBJC_IMPLICIT_RETAIN_SELF = YES;
				CLANG_WARN_OBJC_LITERAL_CONVERSION = YES;
				CLANG_WARN_OBJC_ROOT_CLASS = YES_ERROR;
				CLANG_WARN_QUOTED_INCLUDE_IN_FRAMEWORK_HEADER = YES;
				CLANG_WARN_RANGE_LOOP_ANALYSIS = YES;
				CLANG_WARN_STRICT_PROTOTYPES = YES;
				CLANG_WARN_SUSPICIOUS_MOVE = YES;
				CLANG_WARN_UNGUARDED_AVAILABILITY = YES_AGGRESSIVE;
				CLANG_WARN_UNREACHABLE_CODE = YES;
				CLANG_WARN__DUPLICATE_METHOD_MATCH = YES;
				COPY_PHASE_STRIP = NO;
				DEBUG_INFORMATION_FORMAT = dwarf;
				ENABLE_STRICT_OBJC_MSGSEND = YES;
				ENABLE_TESTABILITY = YES;
				GCC_C_LANGUAGE_STANDARD = gnu11;
				GCC_DYNAMIC_NO_PIC = NO;
				GCC_NO_COMMON_BLOCKS = YES;
				GCC_OPTIMIZATION_LEVEL = 0;
				GCC_PREPROCESSOR_DEFINITIONS = (
					"DEBUG=1",
					"$(inherited)",
				);
				GCC_WARN_64_TO_32_BIT_CONVERSION = YES;
				GCC_WARN_ABOUT_RETURN_TYPE = YES_ERROR;
				GCC_WARN_UNDECLARED_SELECTOR = YES;
				GCC_WARN_UNINITIALIZED_AUTOS = YES_AGGRESSIVE;
				GCC_WARN_UNUSED_FUNCTION = YES;
				GCC_WARN_UNUSED_VARIABLE = YES;
				IPHONEOS_DEPLOYMENT_TARGET = 9.0;
				MTL_ENABLE_DEBUG_INFO = INCLUDE_SOURCE;
				MTL_FAST_MATH = YES;
				ONLY_ACTIVE_ARCH = YES;
				SDKROOT = iphoneos;
			};
			name = Debug;
		};
		D4EB867E253C816B00F5EF34 /* Release */ = {
			isa = XCBuildConfiguration;
			buildSettings = {
				ALWAYS_SEARCH_USER_PATHS = NO;
				CLANG_ANALYZER_NONNULL = YES;
				CLANG_ANALYZER_NUMBER_OBJECT_CONVERSION = YES_AGGRESSIVE;
				CLANG_CXX_LANGUAGE_STANDARD = "gnu++14";
				CLANG_CXX_LIBRARY = "libc++";
				CLANG_ENABLE_MODULES = YES;
				CLANG_ENABLE_OBJC_ARC = YES;
				CLANG_ENABLE_OBJC_WEAK = YES;
				CLANG_WARN_BLOCK_CAPTURE_AUTORELEASING = YES;
				CLANG_WARN_BOOL_CONVERSION = YES;
				CLANG_WARN_COMMA = YES;
				CLANG_WARN_CONSTANT_CONVERSION = YES;
				CLANG_WARN_DEPRECATED_OBJC_IMPLEMENTATIONS = YES;
				CLANG_WARN_DIRECT_OBJC_ISA_USAGE = YES_ERROR;
				CLANG_WARN_DOCUMENTATION_COMMENTS = YES;
				CLANG_WARN_EMPTY_BODY = YES;
				CLANG_WARN_ENUM_CONVERSION = YES;
				CLANG_WARN_INFINITE_RECURSION = YES;
				CLANG_WARN_INT_CONVERSION = YES;
				CLANG_WARN_NON_LITERAL_NULL_CONVERSION = YES;
				CLANG_WARN_OBJC_IMPLICIT_RETAIN_SELF = YES;
				CLANG_WARN_OBJC_LITERAL_CONVERSION = YES;
				CLANG_WARN_OBJC_ROOT_CLASS = YES_ERROR;
				CLANG_WARN_QUOTED_INCLUDE_IN_FRAMEWORK_HEADER = YES;
				CLANG_WARN_RANGE_LOOP_ANALYSIS = YES;
				CLANG_WARN_STRICT_PROTOTYPES = YES;
				CLANG_WARN_SUSPICIOUS_MOVE = YES;
				CLANG_WARN_UNGUARDED_AVAILABILITY = YES_AGGRESSIVE;
				CLANG_WARN_UNREACHABLE_CODE = YES;
				CLANG_WARN__DUPLICATE_METHOD_MATCH = YES;
				COPY_PHASE_STRIP = NO;
				DEBUG_INFORMATION_FORMAT = "dwarf-with-dsym";
				ENABLE_NS_ASSERTIONS = NO;
				ENABLE_STRICT_OBJC_MSGSEND = YES;
				GCC_C_LANGUAGE_STANDARD = gnu11;
				GCC_NO_COMMON_BLOCKS = YES;
				GCC_WARN_64_TO_32_BIT_CONVERSION = YES;
				GCC_WARN_ABOUT_RETURN_TYPE = YES_ERROR;
				GCC_WARN_UNDECLARED_SELECTOR = YES;
				GCC_WARN_UNINITIALIZED_AUTOS = YES_AGGRESSIVE;
				GCC_WARN_UNUSED_FUNCTION = YES;
				GCC_WARN_UNUSED_VARIABLE = YES;
				IPHONEOS_DEPLOYMENT_TARGET = 9.0;
				MTL_ENABLE_DEBUG_INFO = NO;
				MTL_FAST_MATH = YES;
				SDKROOT = iphoneos;
				VALIDATE_PRODUCT = YES;
			};
			name = Release;
		};
		D4EB8680253C816B00F5EF34 /* Debug */ = {
			isa = XCBuildConfiguration;
			baseConfigurationReference = AD45AA0C01BE748679AE65B0 /* Pods-Example.debug.xcconfig */;
			buildSettings = {
				ASSETCATALOG_COMPILER_APPICON_NAME = AppIcon;
				ASSETCATALOG_COMPILER_GLOBAL_ACCENT_COLOR_NAME = AccentColor;
				CODE_SIGN_STYLE = Automatic;
				DEVELOPMENT_TEAM = 6A6Q878SMH;
				EXCLUDED_ARCHS = "$(inherited)";
				INFOPLIST_FILE = Example/Info.plist;
				IPHONEOS_DEPLOYMENT_TARGET = 9.0;
				LD_RUNPATH_SEARCH_PATHS = (
					"$(inherited)",
					"@executable_path/Frameworks",
				);
				LIBRARY_SEARCH_PATHS = (
					"$(inherited)",
					"$(PROJECT_DIR)/Example",
					"$(PROJECT_DIR)/Example/CAID",
					"$(PROJECT_DIR)/Example/Source",
					"$(PROJECT_DIR)/Example/Source/CAID",
				);
				PRODUCT_BUNDLE_IDENTIFIER = com.jy.Exampleaa;
				PRODUCT_NAME = "$(TARGET_NAME)";
				TARGETED_DEVICE_FAMILY = "1,2";
				VALIDATE_WORKSPACE = YES;
			};
			name = Debug;
		};
		D4EB8681253C816B00F5EF34 /* Release */ = {
			isa = XCBuildConfiguration;
			baseConfigurationReference = 0FB721C42B19362556F82B81 /* Pods-Example.release.xcconfig */;
			buildSettings = {
				ASSETCATALOG_COMPILER_APPICON_NAME = AppIcon;
				ASSETCATALOG_COMPILER_GLOBAL_ACCENT_COLOR_NAME = AccentColor;
				CODE_SIGN_STYLE = Automatic;
				DEVELOPMENT_TEAM = 6A6Q878SMH;
				EXCLUDED_ARCHS = "$(inherited)";
				"EXCLUDED_ARCHS[sdk=iphonesimulator*]" = "$(inherited)";
				INFOPLIST_FILE = Example/Info.plist;
				IPHONEOS_DEPLOYMENT_TARGET = 9.0;
				LD_RUNPATH_SEARCH_PATHS = (
					"$(inherited)",
					"@executable_path/Frameworks",
				);
				LIBRARY_SEARCH_PATHS = (
					"$(inherited)",
					"$(PROJECT_DIR)/Example",
					"$(PROJECT_DIR)/Example/CAID",
					"$(PROJECT_DIR)/Example/Source",
					"$(PROJECT_DIR)/Example/Source/CAID",
				);
				PRODUCT_BUNDLE_IDENTIFIER = com.jy.Exampleaa;
				PRODUCT_NAME = "$(TARGET_NAME)";
				TARGETED_DEVICE_FAMILY = "1,2";
				VALIDATE_WORKSPACE = YES;
			};
			name = Release;
		};
/* End XCBuildConfiguration section */

/* Begin XCConfigurationList section */
		D4EB8661253C816A00F5EF34 /* Build configuration list for PBXProject "Example" */ = {
			isa = XCConfigurationList;
			buildConfigurations = (
				D4EB867D253C816B00F5EF34 /* Debug */,
				D4EB867E253C816B00F5EF34 /* Release */,
			);
			defaultConfigurationIsVisible = 0;
			defaultConfigurationName = Release;
		};
		D4EB867F253C816B00F5EF34 /* Build configuration list for PBXNativeTarget "Example" */ = {
			isa = XCConfigurationList;
			buildConfigurations = (
				D4EB8680253C816B00F5EF34 /* Debug */,
				D4EB8681253C816B00F5EF34 /* Release */,
			);
			defaultConfigurationIsVisible = 0;
			defaultConfigurationName = Release;
		};
/* End XCConfigurationList section */
	};
	rootObject = D4EB865E253C816A00F5EF34 /* Project object */;
}
